{
  "name": "enviar-email",
  "version": "1.0.0",
  "lockfileVersion": 2,
  "requires": true,
  "packages": {
    "": {
      "name": "enviar-email",
      "version": "1.0.0",
      "license": "ISC",
      "dependencies": {
        "node-cron": "^3.0.1",
        "nodemailer": "^6.7.5",
        "uuid": "^8.3.2"
      }
    },
    "node_modules/node-cron": {
      "version": "3.0.1",
      "resolved": "https://registry.npmjs.org/node-cron/-/node-cron-3.0.1.tgz",
      "integrity": "sha512-RAWZTNn2M5KDIUV/389UX0EXsqvdFAwc9QwHQceh0Ga56dygqSRthqIjwpgZsoDspHGt2rkHdk9Z4RgfPMdALw==",
      "engines": {
        "node": ">=6.0.0"
      }
    },
    "node_modules/nodemailer": {
      "version": "6.7.5",
      "resolved": "https://registry.npmjs.org/nodemailer/-/nodemailer-6.7.5.tgz",
      "integrity": "sha512-6VtMpwhsrixq1HDYSBBHvW0GwiWawE75dS3oal48VqRhUvKJNnKnJo2RI/bCVQubj1vgrgscMNW4DHaD6xtMCg==",
      "engines": {
        "node": ">=6.0.0"
      }
    },
    "node_modules/uuid": {
      "version": "8.3.2",
      "resolved": "https://registry.npmjs.org/uuid/-/uuid-8.3.2.tgz",
      "integrity": "sha512-+NYs2QeMWy+GWFOEm9xnn6HCDp0l7QBD7ml8zLUmJ+93Q5NF0NocErnwkTkXVFNiX3/fpC6afS8Dhb/gz7R7eg==",
      "bin": {
        "uuid": "dist/bin/uuid"
      }
    }
  },
  "dependencies": {
    "node-cron": {
      "version": "3.0.1",
      "resolved": "https://registry.npmjs.org/node-cron/-/node-cron-3.0.1.tgz",
      "integrity": "sha512-RAWZTNn2M5KDIUV/389UX0EXsqvdFAwc9QwHQceh0Ga56dygqSRthqIjwpgZsoDspHGt2rkHdk9Z4RgfPMdALw=="
    },
    "nodemailer": {
      "version": "6.7.5",
      "resolved": "https://registry.npmjs.org/nodemailer/-/nodemailer-6.7.5.tgz",
      "integrity": "sha512-6VtMpwhsrixq1HDYSBBHvW0GwiWawE75dS3oal48VqRhUvKJNnKnJo2RI/bCVQubj1vgrgscMNW4DHaD6xtMCg=="
    },
    "uuid": {
      "version": "8.3.2",
      "resolved": "https://registry.npmjs.org/uuid/-/uuid-8.3.2.tgz",
      "integrity": "sha512-+NYs2QeMWy+GWFOEm9xnn6HCDp0l7QBD7ml8zLUmJ+93Q5NF0NocErnwkTkXVFNiX3/fpC6afS8Dhb/gz7R7eg=="
    }
  }
}
